// !$*UTF8*$!
{
	archiveVersion = 1;
	classes = {
	};
	objectVersion = 56;
	objects = {

/* Begin PBXBuildFile section */
		9235D9DD2A61823B00AE63C7 /* AppDelegate.swift in Sources */ = {isa = PBXBuildFile; fileRef = 9235D9DC2A61823B00AE63C7 /* AppDelegate.swift */; };
		9235D9DF2A61823B00AE63C7 /* SceneDelegate.swift in Sources */ = {isa = PBXBuildFile; fileRef = 9235D9DE2A61823B00AE63C7 /* SceneDelegate.swift */; };
		9235D9E12A61823B00AE63C7 /* HomeViewController.swift in Sources */ = {isa = PBXBuildFile; fileRef = 9235D9E02A61823B00AE63C7 /* HomeViewController.swift */; };
		9235D9E42A61823B00AE63C7 /* Main.storyboard in Resources */ = {isa = PBXBuildFile; fileRef = 9235D9E22A61823B00AE63C7 /* Main.storyboard */; };
		9235D9E62A61823B00AE63C7 /* Assets.xcassets in Resources */ = {isa = PBXBuildFile; fileRef = 9235D9E52A61823B00AE63C7 /* Assets.xcassets */; };
		9235D9E92A61823B00AE63C7 /* LaunchScreen.storyboard in Resources */ = {isa = PBXBuildFile; fileRef = 9235D9E72A61823B00AE63C7 /* LaunchScreen.storyboard */; };
		9235D9F42A61823C00AE63C7 /* instagramTests.swift in Sources */ = {isa = PBXBuildFile; fileRef = 9235D9F32A61823C00AE63C7 /* instagramTests.swift */; };
		9235D9FE2A61823C00AE63C7 /* instagramUITests.swift in Sources */ = {isa = PBXBuildFile; fileRef = 9235D9FD2A61823C00AE63C7 /* instagramUITests.swift */; };
		9235DA002A61823C00AE63C7 /* instagramUITestsLaunchTests.swift in Sources */ = {isa = PBXBuildFile; fileRef = 9235D9FF2A61823C00AE63C7 /* instagramUITestsLaunchTests.swift */; };
		9235DA122A6183BC00AE63C7 /* ExploreViewController.swift in Sources */ = {isa = PBXBuildFile; fileRef = 9235DA112A6183BC00AE63C7 /* ExploreViewController.swift */; };
		9235DA142A6183C700AE63C7 /* CameraViewController.swift in Sources */ = {isa = PBXBuildFile; fileRef = 9235DA132A6183C700AE63C7 /* CameraViewController.swift */; };
		9235DA162A6183D300AE63C7 /* NotificationsViewController.swift in Sources */ = {isa = PBXBuildFile; fileRef = 9235DA152A6183D300AE63C7 /* NotificationsViewController.swift */; };
		9235DA182A6183E000AE63C7 /* ProfileViewController.swift in Sources */ = {isa = PBXBuildFile; fileRef = 9235DA172A6183E000AE63C7 /* ProfileViewController.swift */; };
		9235DA1D2A61848B00AE63C7 /* LoginViewController.swift in Sources */ = {isa = PBXBuildFile; fileRef = 9235DA1C2A61848B00AE63C7 /* LoginViewController.swift */; };
		9235DA1F2A61849700AE63C7 /* RegistrationViewController.swift in Sources */ = {isa = PBXBuildFile; fileRef = 9235DA1E2A61849700AE63C7 /* RegistrationViewController.swift */; };
		9235DA212A61850300AE63C7 /* PostViewController.swift in Sources */ = {isa = PBXBuildFile; fileRef = 9235DA202A61850300AE63C7 /* PostViewController.swift */; };
		9235DA232A61851500AE63C7 /* EditProfileViewController.swift in Sources */ = {isa = PBXBuildFile; fileRef = 9235DA222A61851500AE63C7 /* EditProfileViewController.swift */; };
		9235DA252A61852300AE63C7 /* SettingsViewController.swift in Sources */ = {isa = PBXBuildFile; fileRef = 9235DA242A61852300AE63C7 /* SettingsViewController.swift */; };
		9235DA272A61852B00AE63C7 /* ListViewController.swift in Sources */ = {isa = PBXBuildFile; fileRef = 9235DA262A61852B00AE63C7 /* ListViewController.swift */; };
		9235DA292A61853800AE63C7 /* SearchViewController.swift in Sources */ = {isa = PBXBuildFile; fileRef = 9235DA282A61853800AE63C7 /* SearchViewController.swift */; };
		9235DA2B2A61854100AE63C7 /* SearchResultViewController.swift in Sources */ = {isa = PBXBuildFile; fileRef = 9235DA2A2A61854100AE63C7 /* SearchResultViewController.swift */; };
		9235DA2D2A6185A300AE63C7 /* PostEditorViewController.swift in Sources */ = {isa = PBXBuildFile; fileRef = 9235DA2C2A6185A300AE63C7 /* PostEditorViewController.swift */; };
		9235DA2F2A6185AB00AE63C7 /* PublishPostViewController.swift in Sources */ = {isa = PBXBuildFile; fileRef = 9235DA2E2A6185AB00AE63C7 /* PublishPostViewController.swift */; };
		924F2BFA2A7506A4009CEFA7 /* PhotoCollectionViewCell.swift in Sources */ = {isa = PBXBuildFile; fileRef = 924F2BF92A7506A4009CEFA7 /* PhotoCollectionViewCell.swift */; };
		924F2BFC2A7506FF009CEFA7 /* ProfileInfoHeaderCollectionReusableView.swift in Sources */ = {isa = PBXBuildFile; fileRef = 924F2BFB2A7506FF009CEFA7 /* ProfileInfoHeaderCollectionReusableView.swift */; };
		924F2BFE2A75075C009CEFA7 /* ProfileTabsCollectionReusableView.swift in Sources */ = {isa = PBXBuildFile; fileRef = 924F2BFD2A75075C009CEFA7 /* ProfileTabsCollectionReusableView.swift */; };
		924F2C002A752151009CEFA7 /* Models.swift in Sources */ = {isa = PBXBuildFile; fileRef = 924F2BFF2A752151009CEFA7 /* Models.swift */; };
		9252F4502A73B17700B74F20 /* IGFeedPostTableViewCell.swift in Sources */ = {isa = PBXBuildFile; fileRef = 9252F44F2A73B17700B74F20 /* IGFeedPostTableViewCell.swift */; };
		9252F4532A73CF8600B74F20 /* IGFeedPostHeaderTableViewCell.swift in Sources */ = {isa = PBXBuildFile; fileRef = 9252F4522A73CF8600B74F20 /* IGFeedPostHeaderTableViewCell.swift */; };
		9252F4552A73CFA400B74F20 /* IGFeedPostActionsTableViewCell.swift in Sources */ = {isa = PBXBuildFile; fileRef = 9252F4542A73CFA400B74F20 /* IGFeedPostActionsTableViewCell.swift */; };
		9252F4572A73CFBF00B74F20 /* IGFeedPostInteractionTableViewCell.swift in Sources */ = {isa = PBXBuildFile; fileRef = 9252F4562A73CFBF00B74F20 /* IGFeedPostInteractionTableViewCell.swift */; };
		9252F4592A742FEB00B74F20 /* FormTableViewCell.swift in Sources */ = {isa = PBXBuildFile; fileRef = 9252F4582A742FEB00B74F20 /* FormTableViewCell.swift */; };
		9253B4D02A7270AD00BCD737 /* GoogleService-Info.plist in Resources */ = {isa = PBXBuildFile; fileRef = 9253B4CF2A7270AD00BCD737 /* GoogleService-Info.plist */; };
		926C8C6C2A653FB600941EAC /* Extensions.swift in Sources */ = {isa = PBXBuildFile; fileRef = 926C8C6B2A653FB600941EAC /* Extensions.swift */; };
		92E6C4182A62E5640073087B /* DatabaseManager.swift in Sources */ = {isa = PBXBuildFile; fileRef = 92E6C4172A62E5640073087B /* DatabaseManager.swift */; };
		92E6C41A2A62E5E90073087B /* AuthManager.swift in Sources */ = {isa = PBXBuildFile; fileRef = 92E6C4192A62E5E90073087B /* AuthManager.swift */; };
		92E6C41C2A62E6370073087B /* StorageManager.swift in Sources */ = {isa = PBXBuildFile; fileRef = 92E6C41B2A62E6370073087B /* StorageManager.swift */; };
		C4FC7798DBBD35C4A67B3163 /* Pods_instagram.framework in Frameworks */ = {isa = PBXBuildFile; fileRef = A052042739090D72F0FCABBE /* Pods_instagram.framework */; };
/* End PBXBuildFile section */

/* Begin PBXContainerItemProxy section */
		9235D9F02A61823C00AE63C7 /* PBXContainerItemProxy */ = {
			isa = PBXContainerItemProxy;
			containerPortal = 9235D9D12A61823B00AE63C7 /* Project object */;
			proxyType = 1;
			remoteGlobalIDString = 9235D9D82A61823B00AE63C7;
			remoteInfo = instagram;
		};
		9235D9FA2A61823C00AE63C7 /* PBXContainerItemProxy */ = {
			isa = PBXContainerItemProxy;
			containerPortal = 9235D9D12A61823B00AE63C7 /* Project object */;
			proxyType = 1;
			remoteGlobalIDString = 9235D9D82A61823B00AE63C7;
			remoteInfo = instagram;
		};
/* End PBXContainerItemProxy section */

/* Begin PBXFileReference section */
		77C39CE1FD48B9546363F65B /* Pods-instagram.debug.xcconfig */ = {isa = PBXFileReference; includeInIndex = 1; lastKnownFileType = text.xcconfig; name = "Pods-instagram.debug.xcconfig"; path = "Target Support Files/Pods-instagram/Pods-instagram.debug.xcconfig"; sourceTree = "<group>"; };
		9235D9D92A61823B00AE63C7 /* instagram.app */ = {isa = PBXFileReference; explicitFileType = wrapper.application; includeInIndex = 0; path = instagram.app; sourceTree = BUILT_PRODUCTS_DIR; };
		9235D9DC2A61823B00AE63C7 /* AppDelegate.swift */ = {isa = PBXFileReference; lastKnownFileType = sourcecode.swift; path = AppDelegate.swift; sourceTree = "<group>"; };
		9235D9DE2A61823B00AE63C7 /* SceneDelegate.swift */ = {isa = PBXFileReference; lastKnownFileType = sourcecode.swift; path = SceneDelegate.swift; sourceTree = "<group>"; };
		9235D9E02A61823B00AE63C7 /* HomeViewController.swift */ = {isa = PBXFileReference; lastKnownFileType = sourcecode.swift; path = HomeViewController.swift; sourceTree = "<group>"; };
		9235D9E32A61823B00AE63C7 /* Base */ = {isa = PBXFileReference; lastKnownFileType = file.storyboard; name = Base; path = Base.lproj/Main.storyboard; sourceTree = "<group>"; };
		9235D9E52A61823B00AE63C7 /* Assets.xcassets */ = {isa = PBXFileReference; lastKnownFileType = folder.assetcatalog; path = Assets.xcassets; sourceTree = "<group>"; };
		9235D9E82A61823B00AE63C7 /* Base */ = {isa = PBXFileReference; lastKnownFileType = file.storyboard; name = Base; path = Base.lproj/LaunchScreen.storyboard; sourceTree = "<group>"; };
		9235D9EA2A61823B00AE63C7 /* Info.plist */ = {isa = PBXFileReference; lastKnownFileType = text.plist.xml; path = Info.plist; sourceTree = "<group>"; };
		9235D9EF2A61823C00AE63C7 /* instagramTests.xctest */ = {isa = PBXFileReference; explicitFileType = wrapper.cfbundle; includeInIndex = 0; path = instagramTests.xctest; sourceTree = BUILT_PRODUCTS_DIR; };
		9235D9F32A61823C00AE63C7 /* instagramTests.swift */ = {isa = PBXFileReference; lastKnownFileType = sourcecode.swift; path = instagramTests.swift; sourceTree = "<group>"; };
		9235D9F92A61823C00AE63C7 /* instagramUITests.xctest */ = {isa = PBXFileReference; explicitFileType = wrapper.cfbundle; includeInIndex = 0; path = instagramUITests.xctest; sourceTree = BUILT_PRODUCTS_DIR; };
		9235D9FD2A61823C00AE63C7 /* instagramUITests.swift */ = {isa = PBXFileReference; lastKnownFileType = sourcecode.swift; path = instagramUITests.swift; sourceTree = "<group>"; };
		9235D9FF2A61823C00AE63C7 /* instagramUITestsLaunchTests.swift */ = {isa = PBXFileReference; lastKnownFileType = sourcecode.swift; path = instagramUITestsLaunchTests.swift; sourceTree = "<group>"; };
		9235DA112A6183BC00AE63C7 /* ExploreViewController.swift */ = {isa = PBXFileReference; lastKnownFileType = sourcecode.swift; path = ExploreViewController.swift; sourceTree = "<group>"; };
		9235DA132A6183C700AE63C7 /* CameraViewController.swift */ = {isa = PBXFileReference; lastKnownFileType = sourcecode.swift; path = CameraViewController.swift; sourceTree = "<group>"; };
		9235DA152A6183D300AE63C7 /* NotificationsViewController.swift */ = {isa = PBXFileReference; lastKnownFileType = sourcecode.swift; path = NotificationsViewController.swift; sourceTree = "<group>"; };
		9235DA172A6183E000AE63C7 /* ProfileViewController.swift */ = {isa = PBXFileReference; lastKnownFileType = sourcecode.swift; path = ProfileViewController.swift; sourceTree = "<group>"; };
		9235DA1C2A61848B00AE63C7 /* LoginViewController.swift */ = {isa = PBXFileReference; lastKnownFileType = sourcecode.swift; path = LoginViewController.swift; sourceTree = "<group>"; };
		9235DA1E2A61849700AE63C7 /* RegistrationViewController.swift */ = {isa = PBXFileReference; lastKnownFileType = sourcecode.swift; path = RegistrationViewController.swift; sourceTree = "<group>"; };
		9235DA202A61850300AE63C7 /* PostViewController.swift */ = {isa = PBXFileReference; lastKnownFileType = sourcecode.swift; path = PostViewController.swift; sourceTree = "<group>"; };
		9235DA222A61851500AE63C7 /* EditProfileViewController.swift */ = {isa = PBXFileReference; lastKnownFileType = sourcecode.swift; path = EditProfileViewController.swift; sourceTree = "<group>"; };
		9235DA242A61852300AE63C7 /* SettingsViewController.swift */ = {isa = PBXFileReference; lastKnownFileType = sourcecode.swift; path = SettingsViewController.swift; sourceTree = "<group>"; };
		9235DA262A61852B00AE63C7 /* ListViewController.swift */ = {isa = PBXFileReference; lastKnownFileType = sourcecode.swift; path = ListViewController.swift; sourceTree = "<group>"; };
		9235DA282A61853800AE63C7 /* SearchViewController.swift */ = {isa = PBXFileReference; lastKnownFileType = sourcecode.swift; path = SearchViewController.swift; sourceTree = "<group>"; };
		9235DA2A2A61854100AE63C7 /* SearchResultViewController.swift */ = {isa = PBXFileReference; lastKnownFileType = sourcecode.swift; path = SearchResultViewController.swift; sourceTree = "<group>"; };
		9235DA2C2A6185A300AE63C7 /* PostEditorViewController.swift */ = {isa = PBXFileReference; lastKnownFileType = sourcecode.swift; path = PostEditorViewController.swift; sourceTree = "<group>"; };
		9235DA2E2A6185AB00AE63C7 /* PublishPostViewController.swift */ = {isa = PBXFileReference; lastKnownFileType = sourcecode.swift; path = PublishPostViewController.swift; sourceTree = "<group>"; };
		924F2BF92A7506A4009CEFA7 /* PhotoCollectionViewCell.swift */ = {isa = PBXFileReference; lastKnownFileType = sourcecode.swift; path = PhotoCollectionViewCell.swift; sourceTree = "<group>"; };
		924F2BFB2A7506FF009CEFA7 /* ProfileInfoHeaderCollectionReusableView.swift */ = {isa = PBXFileReference; lastKnownFileType = sourcecode.swift; path = ProfileInfoHeaderCollectionReusableView.swift; sourceTree = "<group>"; };
		924F2BFD2A75075C009CEFA7 /* ProfileTabsCollectionReusableView.swift */ = {isa = PBXFileReference; lastKnownFileType = sourcecode.swift; path = ProfileTabsCollectionReusableView.swift; sourceTree = "<group>"; };
		924F2BFF2A752151009CEFA7 /* Models.swift */ = {isa = PBXFileReference; lastKnownFileType = sourcecode.swift; name = Models.swift; path = "instagram/Views/CollectionView Headers/Models.swift"; sourceTree = SOURCE_ROOT; };
		9252F44F2A73B17700B74F20 /* IGFeedPostTableViewCell.swift */ = {isa = PBXFileReference; lastKnownFileType = sourcecode.swift; path = IGFeedPostTableViewCell.swift; sourceTree = "<group>"; };
		9252F4522A73CF8600B74F20 /* IGFeedPostHeaderTableViewCell.swift */ = {isa = PBXFileReference; lastKnownFileType = sourcecode.swift; path = IGFeedPostHeaderTableViewCell.swift; sourceTree = "<group>"; };
		9252F4542A73CFA400B74F20 /* IGFeedPostActionsTableViewCell.swift */ = {isa = PBXFileReference; lastKnownFileType = sourcecode.swift; path = IGFeedPostActionsTableViewCell.swift; sourceTree = "<group>"; };
		9252F4562A73CFBF00B74F20 /* IGFeedPostInteractionTableViewCell.swift */ = {isa = PBXFileReference; lastKnownFileType = sourcecode.swift; path = IGFeedPostInteractionTableViewCell.swift; sourceTree = "<group>"; };
		9252F4582A742FEB00B74F20 /* FormTableViewCell.swift */ = {isa = PBXFileReference; lastKnownFileType = sourcecode.swift; path = FormTableViewCell.swift; sourceTree = "<group>"; };
		9253B4CF2A7270AD00BCD737 /* GoogleService-Info.plist */ = {isa = PBXFileReference; fileEncoding = 4; lastKnownFileType = text.plist.xml; name = "GoogleService-Info.plist"; path = "../../../../../Downloads/GoogleService-Info.plist"; sourceTree = "<group>"; };
		926C8C6B2A653FB600941EAC /* Extensions.swift */ = {isa = PBXFileReference; lastKnownFileType = sourcecode.swift; path = Extensions.swift; sourceTree = "<group>"; };
		92E6C4172A62E5640073087B /* DatabaseManager.swift */ = {isa = PBXFileReference; lastKnownFileType = sourcecode.swift; path = DatabaseManager.swift; sourceTree = "<group>"; };
		92E6C4192A62E5E90073087B /* AuthManager.swift */ = {isa = PBXFileReference; lastKnownFileType = sourcecode.swift; path = AuthManager.swift; sourceTree = "<group>"; };
		92E6C41B2A62E6370073087B /* StorageManager.swift */ = {isa = PBXFileReference; lastKnownFileType = sourcecode.swift; path = StorageManager.swift; sourceTree = "<group>"; };
		A052042739090D72F0FCABBE /* Pods_instagram.framework */ = {isa = PBXFileReference; explicitFileType = wrapper.framework; includeInIndex = 0; path = Pods_instagram.framework; sourceTree = BUILT_PRODUCTS_DIR; };
		FA1DC6A0F6FBD30AD180D7E8 /* Pods-instagram.release.xcconfig */ = {isa = PBXFileReference; includeInIndex = 1; lastKnownFileType = text.xcconfig; name = "Pods-instagram.release.xcconfig"; path = "Target Support Files/Pods-instagram/Pods-instagram.release.xcconfig"; sourceTree = "<group>"; };
/* End PBXFileReference section */

/* Begin PBXFrameworksBuildPhase section */
		9235D9D62A61823B00AE63C7 /* Frameworks */ = {
			isa = PBXFrameworksBuildPhase;
			buildActionMask = 2147483647;
			files = (
				C4FC7798DBBD35C4A67B3163 /* Pods_instagram.framework in Frameworks */,
			);
			runOnlyForDeploymentPostprocessing = 0;
		};
		9235D9EC2A61823C00AE63C7 /* Frameworks */ = {
			isa = PBXFrameworksBuildPhase;
			buildActionMask = 2147483647;
			files = (
			);
			runOnlyForDeploymentPostprocessing = 0;
		};
		9235D9F62A61823C00AE63C7 /* Frameworks */ = {
			isa = PBXFrameworksBuildPhase;
			buildActionMask = 2147483647;
			files = (
			);
			runOnlyForDeploymentPostprocessing = 0;
		};
/* End PBXFrameworksBuildPhase section */

/* Begin PBXGroup section */
		3C4266BC17115E1DF7C289E7 /* Frameworks */ = {
			isa = PBXGroup;
			children = (
				A052042739090D72F0FCABBE /* Pods_instagram.framework */,
			);
			name = Frameworks;
			sourceTree = "<group>";
		};
		9235D9D02A61823B00AE63C7 = {
			isa = PBXGroup;
			children = (
				9235D9DB2A61823B00AE63C7 /* instagram */,
				9235D9F22A61823C00AE63C7 /* instagramTests */,
				9235D9FC2A61823C00AE63C7 /* instagramUITests */,
				9235D9DA2A61823B00AE63C7 /* Products */,
				D65842B3F30E6564EC30A248 /* Pods */,
				3C4266BC17115E1DF7C289E7 /* Frameworks */,
			);
			sourceTree = "<group>";
		};
		9235D9DA2A61823B00AE63C7 /* Products */ = {
			isa = PBXGroup;
			children = (
				9235D9D92A61823B00AE63C7 /* instagram.app */,
				9235D9EF2A61823C00AE63C7 /* instagramTests.xctest */,
				9235D9F92A61823C00AE63C7 /* instagramUITests.xctest */,
			);
			name = Products;
			sourceTree = "<group>";
		};
		9235D9DB2A61823B00AE63C7 /* instagram */ = {
			isa = PBXGroup;
			children = (
				9235DA0F2A6182B900AE63C7 /* Resources */,
				9235DA0E2A6182B300AE63C7 /* Controllers */,
				9235DA0D2A6182AE00AE63C7 /* Views */,
				9235DA0C2A6182A700AE63C7 /* Models */,
				9235D9EA2A61823B00AE63C7 /* Info.plist */,
			);
			path = instagram;
			sourceTree = "<group>";
		};
		9235D9F22A61823C00AE63C7 /* instagramTests */ = {
			isa = PBXGroup;
			children = (
				9235D9F32A61823C00AE63C7 /* instagramTests.swift */,
			);
			path = instagramTests;
			sourceTree = "<group>";
		};
		9235D9FC2A61823C00AE63C7 /* instagramUITests */ = {
			isa = PBXGroup;
			children = (
				9235D9FD2A61823C00AE63C7 /* instagramUITests.swift */,
				9235D9FF2A61823C00AE63C7 /* instagramUITestsLaunchTests.swift */,
			);
			path = instagramUITests;
			sourceTree = "<group>";
		};
		9235DA0C2A6182A700AE63C7 /* Models */ = {
			isa = PBXGroup;
			children = (
				924F2BFF2A752151009CEFA7 /* Models.swift */,
			);
			path = Models;
			sourceTree = "<group>";
		};
		9235DA0D2A6182AE00AE63C7 /* Views */ = {
			isa = PBXGroup;
			children = (
				924F2BF82A74F9BB009CEFA7 /* CollectionView Headers */,
				9252F44E2A73B15800B74F20 /* Cells */,
				9235D9E52A61823B00AE63C7 /* Assets.xcassets */,
				9235DA102A61831E00AE63C7 /* storyboards */,
			);
			path = Views;
			sourceTree = "<group>";
		};
		9235DA0E2A6182B300AE63C7 /* Controllers */ = {
			isa = PBXGroup;
			children = (
				9235DA1A2A61847D00AE63C7 /* Other */,
				9235DA192A61844300AE63C7 /* Core Tabs */,
			);
			path = Controllers;
			sourceTree = "<group>";
		};
		9235DA0F2A6182B900AE63C7 /* Resources */ = {
			isa = PBXGroup;
			children = (
				9253B4CF2A7270AD00BCD737 /* GoogleService-Info.plist */,
				9235D9DC2A61823B00AE63C7 /* AppDelegate.swift */,
				9235D9DE2A61823B00AE63C7 /* SceneDelegate.swift */,
				92E6C41B2A62E6370073087B /* StorageManager.swift */,
				92E6C4172A62E5640073087B /* DatabaseManager.swift */,
				92E6C4192A62E5E90073087B /* AuthManager.swift */,
				926C8C6B2A653FB600941EAC /* Extensions.swift */,
			);
			path = Resources;
			sourceTree = "<group>";
		};
		9235DA102A61831E00AE63C7 /* storyboards */ = {
			isa = PBXGroup;
			children = (
				9235D9E22A61823B00AE63C7 /* Main.storyboard */,
				9235D9E72A61823B00AE63C7 /* LaunchScreen.storyboard */,
			);
			path = storyboards;
			sourceTree = "<group>";
		};
		9235DA192A61844300AE63C7 /* Core Tabs */ = {
			isa = PBXGroup;
			children = (
				9235D9E02A61823B00AE63C7 /* HomeViewController.swift */,
				9235DA112A6183BC00AE63C7 /* ExploreViewController.swift */,
				9235DA132A6183C700AE63C7 /* CameraViewController.swift */,
				9235DA152A6183D300AE63C7 /* NotificationsViewController.swift */,
				9235DA172A6183E000AE63C7 /* ProfileViewController.swift */,
			);
			path = "Core Tabs";
			sourceTree = "<group>";
		};
		9235DA1A2A61847D00AE63C7 /* Other */ = {
			isa = PBXGroup;
			children = (
				9235DA1B2A61848100AE63C7 /* Onboarding */,
				92E6C4162A62E4ED0073087B /* General */,
			);
			path = Other;
			sourceTree = "<group>";
		};
		9235DA1B2A61848100AE63C7 /* Onboarding */ = {
			isa = PBXGroup;
			children = (
				9235DA1C2A61848B00AE63C7 /* LoginViewController.swift */,
				9235DA1E2A61849700AE63C7 /* RegistrationViewController.swift */,
			);
			path = Onboarding;
			sourceTree = "<group>";
		};
		924F2BF82A74F9BB009CEFA7 /* CollectionView Headers */ = {
			isa = PBXGroup;
			children = (
				924F2BFB2A7506FF009CEFA7 /* ProfileInfoHeaderCollectionReusableView.swift */,
				924F2BFD2A75075C009CEFA7 /* ProfileTabsCollectionReusableView.swift */,
			);
			path = "CollectionView Headers";
			sourceTree = "<group>";
		};
		9252F44E2A73B15800B74F20 /* Cells */ = {
			isa = PBXGroup;
			children = (
				9252F4512A73CF5D00B74F20 /* Home Feed */,
				9252F4582A742FEB00B74F20 /* FormTableViewCell.swift */,
				924F2BF92A7506A4009CEFA7 /* PhotoCollectionViewCell.swift */,
			);
			path = Cells;
			sourceTree = "<group>";
		};
		9252F4512A73CF5D00B74F20 /* Home Feed */ = {
			isa = PBXGroup;
			children = (
				9252F44F2A73B17700B74F20 /* IGFeedPostTableViewCell.swift */,
				9252F4522A73CF8600B74F20 /* IGFeedPostHeaderTableViewCell.swift */,
				9252F4542A73CFA400B74F20 /* IGFeedPostActionsTableViewCell.swift */,
				9252F4562A73CFBF00B74F20 /* IGFeedPostInteractionTableViewCell.swift */,
			);
			path = "Home Feed";
			sourceTree = "<group>";
		};
		92E6C4162A62E4ED0073087B /* General */ = {
			isa = PBXGroup;
			children = (
				9235DA242A61852300AE63C7 /* SettingsViewController.swift */,
				9235DA202A61850300AE63C7 /* PostViewController.swift */,
				9235DA222A61851500AE63C7 /* EditProfileViewController.swift */,
				9235DA262A61852B00AE63C7 /* ListViewController.swift */,
				9235DA282A61853800AE63C7 /* SearchViewController.swift */,
				9235DA2C2A6185A300AE63C7 /* PostEditorViewController.swift */,
				9235DA2E2A6185AB00AE63C7 /* PublishPostViewController.swift */,
				9235DA2A2A61854100AE63C7 /* SearchResultViewController.swift */,
			);
			path = General;
			sourceTree = "<group>";
		};
		D65842B3F30E6564EC30A248 /* Pods */ = {
			isa = PBXGroup;
			children = (
				77C39CE1FD48B9546363F65B /* Pods-instagram.debug.xcconfig */,
				FA1DC6A0F6FBD30AD180D7E8 /* Pods-instagram.release.xcconfig */,
			);
			path = Pods;
			sourceTree = "<group>";
		};
/* End PBXGroup section */

/* Begin PBXNativeTarget section */
		9235D9D82A61823B00AE63C7 /* instagram */ = {
			isa = PBXNativeTarget;
			buildConfigurationList = 9235DA032A61823C00AE63C7 /* Build configuration list for PBXNativeTarget "instagram" */;
			buildPhases = (
				B0E85332E4D7C8AC8EF9E485 /* [CP] Check Pods Manifest.lock */,
				9235D9D52A61823B00AE63C7 /* Sources */,
				9235D9D62A61823B00AE63C7 /* Frameworks */,
				9235D9D72A61823B00AE63C7 /* Resources */,
				42A56652AFCA00A721E7F50D /* [CP] Embed Pods Frameworks */,
			);
			buildRules = (
			);
			dependencies = (
			);
			name = instagram;
			productName = instagram;
			productReference = 9235D9D92A61823B00AE63C7 /* instagram.app */;
			productType = "com.apple.product-type.application";
		};
		9235D9EE2A61823C00AE63C7 /* instagramTests */ = {
			isa = PBXNativeTarget;
			buildConfigurationList = 9235DA062A61823C00AE63C7 /* Build configuration list for PBXNativeTarget "instagramTests" */;
			buildPhases = (
				9235D9EB2A61823C00AE63C7 /* Sources */,
				9235D9EC2A61823C00AE63C7 /* Frameworks */,
				9235D9ED2A61823C00AE63C7 /* Resources */,
			);
			buildRules = (
			);
			dependencies = (
				9235D9F12A61823C00AE63C7 /* PBXTargetDependency */,
			);
			name = instagramTests;
			productName = instagramTests;
			productReference = 9235D9EF2A61823C00AE63C7 /* instagramTests.xctest */;
			productType = "com.apple.product-type.bundle.unit-test";
		};
		9235D9F82A61823C00AE63C7 /* instagramUITests */ = {
			isa = PBXNativeTarget;
			buildConfigurationList = 9235DA092A61823C00AE63C7 /* Build configuration list for PBXNativeTarget "instagramUITests" */;
			buildPhases = (
				9235D9F52A61823C00AE63C7 /* Sources */,
				9235D9F62A61823C00AE63C7 /* Frameworks */,
				9235D9F72A61823C00AE63C7 /* Resources */,
			);
			buildRules = (
			);
			dependencies = (
				9235D9FB2A61823C00AE63C7 /* PBXTargetDependency */,
			);
			name = instagramUITests;
			productName = instagramUITests;
			productReference = 9235D9F92A61823C00AE63C7 /* instagramUITests.xctest */;
			productType = "com.apple.product-type.bundle.ui-testing";
		};
/* End PBXNativeTarget section */

/* Begin PBXProject section */
		9235D9D12A61823B00AE63C7 /* Project object */ = {
			isa = PBXProject;
			attributes = {
				BuildIndependentTargetsInParallel = 1;
				LastSwiftUpdateCheck = 1430;
				LastUpgradeCheck = 1430;
				TargetAttributes = {
					9235D9D82A61823B00AE63C7 = {
						CreatedOnToolsVersion = 14.3.1;
					};
					9235D9EE2A61823C00AE63C7 = {
						CreatedOnToolsVersion = 14.3.1;
						TestTargetID = 9235D9D82A61823B00AE63C7;
					};
					9235D9F82A61823C00AE63C7 = {
						CreatedOnToolsVersion = 14.3.1;
						TestTargetID = 9235D9D82A61823B00AE63C7;
					};
				};
			};
			buildConfigurationList = 9235D9D42A61823B00AE63C7 /* Build configuration list for PBXProject "instagram" */;
			compatibilityVersion = "Xcode 14.0";
			developmentRegion = en;
			hasScannedForEncodings = 0;
			knownRegions = (
				en,
				Base,
			);
			mainGroup = 9235D9D02A61823B00AE63C7;
			productRefGroup = 9235D9DA2A61823B00AE63C7 /* Products */;
			projectDirPath = "";
			projectRoot = "";
			targets = (
				9235D9D82A61823B00AE63C7 /* instagram */,
				9235D9EE2A61823C00AE63C7 /* instagramTests */,
				9235D9F82A61823C00AE63C7 /* instagramUITests */,
			);
		};
/* End PBXProject section */

/* Begin PBXResourcesBuildPhase section */
		9235D9D72A61823B00AE63C7 /* Resources */ = {
			isa = PBXResourcesBuildPhase;
			buildActionMask = 2147483647;
			files = (
				9235D9E92A61823B00AE63C7 /* LaunchScreen.storyboard in Resources */,
				9253B4D02A7270AD00BCD737 /* GoogleService-Info.plist in Resources */,
				9235D9E62A61823B00AE63C7 /* Assets.xcassets in Resources */,
				9235D9E42A61823B00AE63C7 /* Main.storyboard in Resources */,
			);
			runOnlyForDeploymentPostprocessing = 0;
		};
		9235D9ED2A61823C00AE63C7 /* Resources */ = {
			isa = PBXResourcesBuildPhase;
			buildActionMask = 2147483647;
			files = (
			);
			runOnlyForDeploymentPostprocessing = 0;
		};
		9235D9F72A61823C00AE63C7 /* Resources */ = {
			isa = PBXResourcesBuildPhase;
			buildActionMask = 2147483647;
			files = (
			);
			runOnlyForDeploymentPostprocessing = 0;
		};
/* End PBXResourcesBuildPhase section */

/* Begin PBXShellScriptBuildPhase section */
		42A56652AFCA00A721E7F50D /* [CP] Embed Pods Frameworks */ = {
			isa = PBXShellScriptBuildPhase;
			buildActionMask = 2147483647;
			files = (
			);
			inputFileListPaths = (
				"${PODS_ROOT}/Target Support Files/Pods-instagram/Pods-instagram-frameworks-${CONFIGURATION}-input-files.xcfilelist",
			);
			name = "[CP] Embed Pods Frameworks";
			outputFileListPaths = (
				"${PODS_ROOT}/Target Support Files/Pods-instagram/Pods-instagram-frameworks-${CONFIGURATION}-output-files.xcfilelist",
			);
			runOnlyForDeploymentPostprocessing = 0;
			shellPath = /bin/sh;
			shellScript = "\"${PODS_ROOT}/Target Support Files/Pods-instagram/Pods-instagram-frameworks.sh\"\n";
			showEnvVarsInLog = 0;
		};
		B0E85332E4D7C8AC8EF9E485 /* [CP] Check Pods Manifest.lock */ = {
			isa = PBXShellScriptBuildPhase;
			buildActionMask = 2147483647;
			files = (
			);
			inputFileListPaths = (
			);
			inputPaths = (
				"${PODS_PODFILE_DIR_PATH}/Podfile.lock",
				"${PODS_ROOT}/Manifest.lock",
			);
			name = "[CP] Check Pods Manifest.lock";
			outputFileListPaths = (
			);
			outputPaths = (
				"$(DERIVED_FILE_DIR)/Pods-instagram-checkManifestLockResult.txt",
			);
			runOnlyForDeploymentPostprocessing = 0;
			shellPath = /bin/sh;
			shellScript = "diff \"${PODS_PODFILE_DIR_PATH}/Podfile.lock\" \"${PODS_ROOT}/Manifest.lock\" > /dev/null\nif [ $? != 0 ] ; then\n    # print error to STDERR\n    echo \"error: The sandbox is not in sync with the Podfile.lock. Run 'pod install' or update your CocoaPods installation.\" >&2\n    exit 1\nfi\n# This output is used by Xcode 'outputs' to avoid re-running this script phase.\necho \"SUCCESS\" > \"${SCRIPT_OUTPUT_FILE_0}\"\n";
			showEnvVarsInLog = 0;
		};
/* End PBXShellScriptBuildPhase section */

/* Begin PBXSourcesBuildPhase section */
		9235D9D52A61823B00AE63C7 /* Sources */ = {
			isa = PBXSourcesBuildPhase;
			buildActionMask = 2147483647;
			files = (
				9235DA232A61851500AE63C7 /* EditProfileViewController.swift in Sources */,
				924F2BFC2A7506FF009CEFA7 /* ProfileInfoHeaderCollectionReusableView.swift in Sources */,
				9235DA122A6183BC00AE63C7 /* ExploreViewController.swift in Sources */,
				9235DA2F2A6185AB00AE63C7 /* PublishPostViewController.swift in Sources */,
				9235DA142A6183C700AE63C7 /* CameraViewController.swift in Sources */,
				9235D9E12A61823B00AE63C7 /* HomeViewController.swift in Sources */,
				9235DA1F2A61849700AE63C7 /* RegistrationViewController.swift in Sources */,
				9252F4532A73CF8600B74F20 /* IGFeedPostHeaderTableViewCell.swift in Sources */,
				9235DA2D2A6185A300AE63C7 /* PostEditorViewController.swift in Sources */,
				924F2C002A752151009CEFA7 /* Models.swift in Sources */,
				92E6C41C2A62E6370073087B /* StorageManager.swift in Sources */,
				9252F4592A742FEB00B74F20 /* FormTableViewCell.swift in Sources */,
				924F2BFE2A75075C009CEFA7 /* ProfileTabsCollectionReusableView.swift in Sources */,
				9235DA212A61850300AE63C7 /* PostViewController.swift in Sources */,
				92E6C4182A62E5640073087B /* DatabaseManager.swift in Sources */,
				9235DA162A6183D300AE63C7 /* NotificationsViewController.swift in Sources */,
				9252F4502A73B17700B74F20 /* IGFeedPostTableViewCell.swift in Sources */,
				924F2BFA2A7506A4009CEFA7 /* PhotoCollectionViewCell.swift in Sources */,
				9252F4572A73CFBF00B74F20 /* IGFeedPostInteractionTableViewCell.swift in Sources */,
				9235DA2B2A61854100AE63C7 /* SearchResultViewController.swift in Sources */,
				9235DA1D2A61848B00AE63C7 /* LoginViewController.swift in Sources */,
				926C8C6C2A653FB600941EAC /* Extensions.swift in Sources */,
				9235DA292A61853800AE63C7 /* SearchViewController.swift in Sources */,
				9235DA182A6183E000AE63C7 /* ProfileViewController.swift in Sources */,
				92E6C41A2A62E5E90073087B /* AuthManager.swift in Sources */,
				9235D9DD2A61823B00AE63C7 /* AppDelegate.swift in Sources */,
				9235D9DF2A61823B00AE63C7 /* SceneDelegate.swift in Sources */,
				9252F4552A73CFA400B74F20 /* IGFeedPostActionsTableViewCell.swift in Sources */,
				9235DA272A61852B00AE63C7 /* ListViewController.swift in Sources */,
				9235DA252A61852300AE63C7 /* SettingsViewController.swift in Sources */,
			);
			runOnlyForDeploymentPostprocessing = 0;
		};
		9235D9EB2A61823C00AE63C7 /* Sources */ = {
			isa = PBXSourcesBuildPhase;
			buildActionMask = 2147483647;
			files = (
				9235D9F42A61823C00AE63C7 /* instagramTests.swift in Sources */,
			);
			runOnlyForDeploymentPostprocessing = 0;
		};
		9235D9F52A61823C00AE63C7 /* Sources */ = {
			isa = PBXSourcesBuildPhase;
			buildActionMask = 2147483647;
			files = (
				9235D9FE2A61823C00AE63C7 /* instagramUITests.swift in Sources */,
				9235DA002A61823C00AE63C7 /* instagramUITestsLaunchTests.swift in Sources */,
			);
			runOnlyForDeploymentPostprocessing = 0;
		};
/* End PBXSourcesBuildPhase section */

/* Begin PBXTargetDependency section */
		9235D9F12A61823C00AE63C7 /* PBXTargetDependency */ = {
			isa = PBXTargetDependency;
			target = 9235D9D82A61823B00AE63C7 /* instagram */;
			targetProxy = 9235D9F02A61823C00AE63C7 /* PBXContainerItemProxy */;
		};
		9235D9FB2A61823C00AE63C7 /* PBXTargetDependency */ = {
			isa = PBXTargetDependency;
			target = 9235D9D82A61823B00AE63C7 /* instagram */;
			targetProxy = 9235D9FA2A61823C00AE63C7 /* PBXContainerItemProxy */;
		};
/* End PBXTargetDependency section */

/* Begin PBXVariantGroup section */
		9235D9E22A61823B00AE63C7 /* Main.storyboard */ = {
			isa = PBXVariantGroup;
			children = (
				9235D9E32A61823B00AE63C7 /* Base */,
			);
			name = Main.storyboard;
			sourceTree = "<group>";
		};
		9235D9E72A61823B00AE63C7 /* LaunchScreen.storyboard */ = {
			isa = PBXVariantGroup;
			children = (
				9235D9E82A61823B00AE63C7 /* Base */,
			);
			name = LaunchScreen.storyboard;
			sourceTree = "<group>";
		};
/* End PBXVariantGroup section */

/* Begin XCBuildConfiguration section */
		9235DA012A61823C00AE63C7 /* Debug */ = {
			isa = XCBuildConfiguration;
			buildSettings = {
				ALWAYS_SEARCH_USER_PATHS = NO;
				CLANG_ANALYZER_NONNULL = YES;
				CLANG_ANALYZER_NUMBER_OBJECT_CONVERSION = YES_AGGRESSIVE;
				CLANG_CXX_LANGUAGE_STANDARD = "gnu++20";
				CLANG_ENABLE_MODULES = YES;
				CLANG_ENABLE_OBJC_ARC = YES;
				CLANG_ENABLE_OBJC_WEAK = YES;
				CLANG_WARN_BLOCK_CAPTURE_AUTORELEASING = YES;
				CLANG_WARN_BOOL_CONVERSION = YES;
				CLANG_WARN_COMMA = YES;
				CLANG_WARN_CONSTANT_CONVERSION = YES;
				CLANG_WARN_DEPRECATED_OBJC_IMPLEMENTATIONS = YES;
				CLANG_WARN_DIRECT_OBJC_ISA_USAGE = YES_ERROR;
				CLANG_WARN_DOCUMENTATION_COMMENTS = YES;
				CLANG_WARN_EMPTY_BODY = YES;
				CLANG_WARN_ENUM_CONVERSION = YES;
				CLANG_WARN_INFINITE_RECURSION = YES;
				CLANG_WARN_INT_CONVERSION = YES;
				CLANG_WARN_NON_LITERAL_NULL_CONVERSION = YES;
				CLANG_WARN_OBJC_IMPLICIT_RETAIN_SELF = YES;
				CLANG_WARN_OBJC_LITERAL_CONVERSION = YES;
				CLANG_WARN_OBJC_ROOT_CLASS = YES_ERROR;
				CLANG_WARN_QUOTED_INCLUDE_IN_FRAMEWORK_HEADER = YES;
				CLANG_WARN_RANGE_LOOP_ANALYSIS = YES;
				CLANG_WARN_STRICT_PROTOTYPES = YES;
				CLANG_WARN_SUSPICIOUS_MOVE = YES;
				CLANG_WARN_UNGUARDED_AVAILABILITY = YES_AGGRESSIVE;
				CLANG_WARN_UNREACHABLE_CODE = YES;
				CLANG_WARN__DUPLICATE_METHOD_MATCH = YES;
				COPY_PHASE_STRIP = NO;
				DEBUG_INFORMATION_FORMAT = dwarf;
				ENABLE_STRICT_OBJC_MSGSEND = YES;
				ENABLE_TESTABILITY = YES;
				GCC_C_LANGUAGE_STANDARD = gnu11;
				GCC_DYNAMIC_NO_PIC = NO;
				GCC_NO_COMMON_BLOCKS = YES;
				GCC_OPTIMIZATION_LEVEL = 0;
				GCC_PREPROCESSOR_DEFINITIONS = (
					"DEBUG=1",
					"$(inherited)",
				);
				GCC_WARN_64_TO_32_BIT_CONVERSION = YES;
				GCC_WARN_ABOUT_RETURN_TYPE = YES_ERROR;
				GCC_WARN_UNDECLARED_SELECTOR = YES;
				GCC_WARN_UNINITIALIZED_AUTOS = YES_AGGRESSIVE;
				GCC_WARN_UNUSED_FUNCTION = YES;
				GCC_WARN_UNUSED_VARIABLE = YES;
				IPHONEOS_DEPLOYMENT_TARGET = 16.4;
				MTL_ENABLE_DEBUG_INFO = INCLUDE_SOURCE;
				MTL_FAST_MATH = YES;
				ONLY_ACTIVE_ARCH = YES;
				SDKROOT = iphoneos;
				SWIFT_ACTIVE_COMPILATION_CONDITIONS = DEBUG;
				SWIFT_OPTIMIZATION_LEVEL = "-Onone";
			};
			name = Debug;
		};
		9235DA022A61823C00AE63C7 /* Release */ = {
			isa = XCBuildConfiguration;
			buildSettings = {
				ALWAYS_SEARCH_USER_PATHS = NO;
				CLANG_ANALYZER_NONNULL = YES;
				CLANG_ANALYZER_NUMBER_OBJECT_CONVERSION = YES_AGGRESSIVE;
				CLANG_CXX_LANGUAGE_STANDARD = "gnu++20";
				CLANG_ENABLE_MODULES = YES;
				CLANG_ENABLE_OBJC_ARC = YES;
				CLANG_ENABLE_OBJC_WEAK = YES;
				CLANG_WARN_BLOCK_CAPTURE_AUTORELEASING = YES;
				CLANG_WARN_BOOL_CONVERSION = YES;
				CLANG_WARN_COMMA = YES;
				CLANG_WARN_CONSTANT_CONVERSION = YES;
				CLANG_WARN_DEPRECATED_OBJC_IMPLEMENTATIONS = YES;
				CLANG_WARN_DIRECT_OBJC_ISA_USAGE = YES_ERROR;
				CLANG_WARN_DOCUMENTATION_COMMENTS = YES;
				CLANG_WARN_EMPTY_BODY = YES;
				CLANG_WARN_ENUM_CONVERSION = YES;
				CLANG_WARN_INFINITE_RECURSION = YES;
				CLANG_WARN_INT_CONVERSION = YES;
				CLANG_WARN_NON_LITERAL_NULL_CONVERSION = YES;
				CLANG_WARN_OBJC_IMPLICIT_RETAIN_SELF = YES;
				CLANG_WARN_OBJC_LITERAL_CONVERSION = YES;
				CLANG_WARN_OBJC_ROOT_CLASS = YES_ERROR;
				CLANG_WARN_QUOTED_INCLUDE_IN_FRAMEWORK_HEADER = YES;
				CLANG_WARN_RANGE_LOOP_ANALYSIS = YES;
				CLANG_WARN_STRICT_PROTOTYPES = YES;
				CLANG_WARN_SUSPICIOUS_MOVE = YES;
				CLANG_WARN_UNGUARDED_AVAILABILITY = YES_AGGRESSIVE;
				CLANG_WARN_UNREACHABLE_CODE = YES;
				CLANG_WARN__DUPLICATE_METHOD_MATCH = YES;
				COPY_PHASE_STRIP = NO;
				DEBUG_INFORMATION_FORMAT = "dwarf-with-dsym";
				ENABLE_NS_ASSERTIONS = NO;
				ENABLE_STRICT_OBJC_MSGSEND = YES;
				GCC_C_LANGUAGE_STANDARD = gnu11;
				GCC_NO_COMMON_BLOCKS = YES;
				GCC_WARN_64_TO_32_BIT_CONVERSION = YES;
				GCC_WARN_ABOUT_RETURN_TYPE = YES_ERROR;
				GCC_WARN_UNDECLARED_SELECTOR = YES;
				GCC_WARN_UNINITIALIZED_AUTOS = YES_AGGRESSIVE;
				GCC_WARN_UNUSED_FUNCTION = YES;
				GCC_WARN_UNUSED_VARIABLE = YES;
				IPHONEOS_DEPLOYMENT_TARGET = 16.4;
				MTL_ENABLE_DEBUG_INFO = NO;
				MTL_FAST_MATH = YES;
				SDKROOT = iphoneos;
				SWIFT_COMPILATION_MODE = wholemodule;
				SWIFT_OPTIMIZATION_LEVEL = "-O";
				VALIDATE_PRODUCT = YES;
			};
			name = Release;
		};
		9235DA042A61823C00AE63C7 /* Debug */ = {
			isa = XCBuildConfiguration;
			baseConfigurationReference = 77C39CE1FD48B9546363F65B /* Pods-instagram.debug.xcconfig */;
			buildSettings = {
				ASSETCATALOG_COMPILER_APPICON_NAME = AppIcon;
				ASSETCATALOG_COMPILER_GLOBAL_ACCENT_COLOR_NAME = AccentColor;
				CODE_SIGN_STYLE = Automatic;
				CURRENT_PROJECT_VERSION = 1;
				DEVELOPMENT_TEAM = FMTQ7WAFS9;
				GENERATE_INFOPLIST_FILE = YES;
				INFOPLIST_FILE = instagram/Info.plist;
				INFOPLIST_KEY_UIApplicationSupportsIndirectInputEvents = YES;
				INFOPLIST_KEY_UILaunchStoryboardName = LaunchScreen;
				INFOPLIST_KEY_UIMainStoryboardFile = Main;
				INFOPLIST_KEY_UISupportedInterfaceOrientations = UIInterfaceOrientationPortrait;
				IPHONEOS_DEPLOYMENT_TARGET = 13.0;
				LD_RUNPATH_SEARCH_PATHS = (
					"$(inherited)",
					"@executable_path/Frameworks",
				);
				MARKETING_VERSION = 1.0;
				PRODUCT_BUNDLE_IDENTIFIER = com.techheroes.instagram;
				PRODUCT_NAME = "$(TARGET_NAME)";
				SUPPORTED_PLATFORMS = "iphoneos iphonesimulator";
				SUPPORTS_MACCATALYST = NO;
				SUPPORTS_MAC_DESIGNED_FOR_IPHONE_IPAD = NO;
				SWIFT_EMIT_LOC_STRINGS = YES;
				SWIFT_VERSION = 5.0;
				TARGETED_DEVICE_FAMILY = "1,2";
			};
			name = Debug;
		};
		9235DA052A61823C00AE63C7 /* Release */ = {
			isa = XCBuildConfiguration;
			baseConfigurationReference = FA1DC6A0F6FBD30AD180D7E8 /* Pods-instagram.release.xcconfig */;
			buildSettings = {
				ASSETCATALOG_COMPILER_APPICON_NAME = AppIcon;
				ASSETCATALOG_COMPILER_GLOBAL_ACCENT_COLOR_NAME = AccentColor;
				CODE_SIGN_STYLE = Automatic;
				CURRENT_PROJECT_VERSION = 1;
				DEVELOPMENT_TEAM = FMTQ7WAFS9;
				GENERATE_INFOPLIST_FILE = YES;
				INFOPLIST_FILE = instagram/Info.plist;
				INFOPLIST_KEY_UIApplicationSupportsIndirectInputEvents = YES;
				INFOPLIST_KEY_UILaunchStoryboardName = LaunchScreen;
				INFOPLIST_KEY_UIMainStoryboardFile = Main;
				INFOPLIST_KEY_UISupportedInterfaceOrientations = UIInterfaceOrientationPortrait;
				IPHONEOS_DEPLOYMENT_TARGET = 13.0;
				LD_RUNPATH_SEARCH_PATHS = (
					"$(inherited)",
					"@executable_path/Frameworks",
				);
				MARKETING_VERSION = 1.0;
				PRODUCT_BUNDLE_IDENTIFIER = com.techheroes.instagram;
				PRODUCT_NAME = "$(TARGET_NAME)";
				SUPPORTED_PLATFORMS = "iphoneos iphonesimulator";
				SUPPORTS_MACCATALYST = NO;
				SUPPORTS_MAC_DESIGNED_FOR_IPHONE_IPAD = NO;
				SWIFT_EMIT_LOC_STRINGS = YES;
				SWIFT_VERSION = 5.0;
				TARGETED_DEVICE_FAMILY = "1,2";
			};
			name = Release;
		};
		9235DA072A61823C00AE63C7 /* Debug */ = {
			isa = XCBuildConfiguration;
			buildSettings = {
				ALWAYS_EMBED_SWIFT_STANDARD_LIBRARIES = YES;
				BUNDLE_LOADER = "$(TEST_HOST)";
				CODE_SIGN_STYLE = Automatic;
				CURRENT_PROJECT_VERSION = 1;
				DEVELOPMENT_TEAM = FMTQ7WAFS9;
				GENERATE_INFOPLIST_FILE = YES;
				IPHONEOS_DEPLOYMENT_TARGET = 16.4;
				MARKETING_VERSION = 1.0;
				PRODUCT_BUNDLE_IDENTIFIER = com.techheroes.instagramTests;
				PRODUCT_NAME = "$(TARGET_NAME)";
				SWIFT_EMIT_LOC_STRINGS = NO;
				SWIFT_VERSION = 5.0;
				TARGETED_DEVICE_FAMILY = "1,2";
				TEST_HOST = "$(BUILT_PRODUCTS_DIR)/instagram.app/$(BUNDLE_EXECUTABLE_FOLDER_PATH)/instagram";
			};
			name = Debug;
		};
		9235DA082A61823C00AE63C7 /* Release */ = {
			isa = XCBuildConfiguration;
			buildSettings = {
				ALWAYS_EMBED_SWIFT_STANDARD_LIBRARIES = YES;
				BUNDLE_LOADER = "$(TEST_HOST)";
				CODE_SIGN_STYLE = Automatic;
				CURRENT_PROJECT_VERSION = 1;
				DEVELOPMENT_TEAM = FMTQ7WAFS9;
				GENERATE_INFOPLIST_FILE = YES;
				IPHONEOS_DEPLOYMENT_TARGET = 16.4;
				MARKETING_VERSION = 1.0;
				PRODUCT_BUNDLE_IDENTIFIER = com.techheroes.instagramTests;
				PRODUCT_NAME = "$(TARGET_NAME)";
				SWIFT_EMIT_LOC_STRINGS = NO;
				SWIFT_VERSION = 5.0;
				TARGETED_DEVICE_FAMILY = "1,2";
				TEST_HOST = "$(BUILT_PRODUCTS_DIR)/instagram.app/$(BUNDLE_EXECUTABLE_FOLDER_PATH)/instagram";
			};
			name = Release;
		};
		9235DA0A2A61823C00AE63C7 /* Debug */ = {
			isa = XCBuildConfiguration;
			buildSettings = {
				ALWAYS_EMBED_SWIFT_STANDARD_LIBRARIES = YES;
				CODE_SIGN_STYLE = Automatic;
				CURRENT_PROJECT_VERSION = 1;
				DEVELOPMENT_TEAM = FMTQ7WAFS9;
				GENERATE_INFOPLIST_FILE = YES;
				MARKETING_VERSION = 1.0;
				PRODUCT_BUNDLE_IDENTIFIER = com.techheroes.instagramUITests;
				PRODUCT_NAME = "$(TARGET_NAME)";
				SWIFT_EMIT_LOC_STRINGS = NO;
				SWIFT_VERSION = 5.0;
				TARGETED_DEVICE_FAMILY = "1,2";
				TEST_TARGET_NAME = instagram;
			};
			name = Debug;
		};
		9235DA0B2A61823C00AE63C7 /* Release */ = {
			isa = XCBuildConfiguration;
			buildSettings = {
				ALWAYS_EMBED_SWIFT_STANDARD_LIBRARIES = YES;
				CODE_SIGN_STYLE = Automatic;
				CURRENT_PROJECT_VERSION = 1;
				DEVELOPMENT_TEAM = FMTQ7WAFS9;
				GENERATE_INFOPLIST_FILE = YES;
				MARKETING_VERSION = 1.0;
				PRODUCT_BUNDLE_IDENTIFIER = com.techheroes.instagramUITests;
				PRODUCT_NAME = "$(TARGET_NAME)";
				SWIFT_EMIT_LOC_STRINGS = NO;
				SWIFT_VERSION = 5.0;
				TARGETED_DEVICE_FAMILY = "1,2";
				TEST_TARGET_NAME = instagram;
			};
			name = Release;
		};
/* End XCBuildConfiguration section */

/* Begin XCConfigurationList section */
		9235D9D42A61823B00AE63C7 /* Build configuration list for PBXProject "instagram" */ = {
			isa = XCConfigurationList;
			buildConfigurations = (
				9235DA012A61823C00AE63C7 /* Debug */,
				9235DA022A61823C00AE63C7 /* Release */,
			);
			defaultConfigurationIsVisible = 0;
			defaultConfigurationName = Release;
		};
		9235DA032A61823C00AE63C7 /* Build configuration list for PBXNativeTarget "instagram" */ = {
			isa = XCConfigurationList;
			buildConfigurations = (
				9235DA042A61823C00AE63C7 /* Debug */,
				9235DA052A61823C00AE63C7 /* Release */,
			);
			defaultConfigurationIsVisible = 0;
			defaultConfigurationName = Release;
		};
		9235DA062A61823C00AE63C7 /* Build configuration list for PBXNativeTarget "instagramTests" */ = {
			isa = XCConfigurationList;
			buildConfigurations = (
				9235DA072A61823C00AE63C7 /* Debug */,
				9235DA082A61823C00AE63C7 /* Release */,
			);
			defaultConfigurationIsVisible = 0;
			defaultConfigurationName = Release;
		};
		9235DA092A61823C00AE63C7 /* Build configuration list for PBXNativeTarget "instagramUITests" */ = {
			isa = XCConfigurationList;
			buildConfigurations = (
				9235DA0A2A61823C00AE63C7 /* Debug */,
				9235DA0B2A61823C00AE63C7 /* Release */,
			);
			defaultConfigurationIsVisible = 0;
			defaultConfigurationName = Release;
		};
/* End XCConfigurationList section */
	};
	rootObject = 9235D9D12A61823B00AE63C7 /* Project object */;
}
